
Microsoft Visual Studio Solution File, Format Version 12.00
# Visual Studio Version 17
VisualStudioVersion = 17.8.34525.116
MinimumVisualStudioVersion = 10.0.40219.1
Project("{9A19103F-16F7-4668-BE54-9A1E7A4F7556}") = "Multiprocess", "Multiprocess\Multiprocess.csproj", "{86A4A267-2EF7-4159-8604-F111BEFDC4BD}"
EndProject
Project("{9A19103F-16F7-4668-BE54-9A1E7A4F7556}") = "TaylorRow", "TaylorRow\TaylorRow.csproj", "{F38F9068-86EA-4230-B404-96A3DC871788}"
EndProject
Global
	GlobalSection(SolutionConfigurationPlatforms) = preSolution
		Debug|Any CPU = Debug|Any CPU
		Release|Any CPU = Release|Any CPU
	EndGlobalSection
	GlobalSection(ProjectConfigurationPlatforms) = postSolution
		{86A4A267-2EF7-4159-8604-F111BEFDC4BD}.Debug|Any CPU.ActiveCfg = Debug|Any CPU
		{86A4A267-2EF7-4159-8604-F111BEFDC4BD}.Debug|Any CPU.Build.0 = Debug|Any CPU
		{86A4A267-2EF7-4159-8604-F111BEFDC4BD}.Release|Any CPU.ActiveCfg = Release|Any CPU
		{86A4A267-2EF7-4159-8604-F111BEFDC4BD}.Release|Any CPU.Build.0 = Release|Any CPU
		{F38F9068-86EA-4230-B404-96A3DC871788}.Debug|Any CPU.ActiveCfg = Debug|Any CPU
		{F38F9068-86EA-4230-B404-96A3DC871788}.Debug|Any CPU.Build.0 = Debug|Any CPU
		{F38F9068-86EA-4230-B404-96A3DC871788}.Release|Any CPU.ActiveCfg = Release|Any CPU
		{F38F9068-86EA-4230-B404-96A3DC871788}.Release|Any CPU.Build.0 = Release|Any CPU
	EndGlobalSection
	GlobalSection(SolutionProperties) = preSolution
		HideSolutionNode = FALSE
	EndGlobalSection
	GlobalSection(ExtensibilityGlobals) = postSolution
		SolutionGuid = {CD2D614E-84DA-4904-B21A-2A72E4F6F436}
	EndGlobalSection
EndGlobal
